
Microsoft Visual Studio Solution File, Format Version 12.00
# Visual Studio Version 17
VisualStudioVersion = 17.1.32421.90
MinimumVisualStudioVersion = 10.0.40219.1
Project("{FAE04EC0-301F-11D3-BF4B-00C04F79EFBC}") = "Piy", "Piy\Piy.csproj", "{71467BA1-1BD8-4CF4-B4FB-E87F89E8203D}"
EndProject
Global
	GlobalSection(SolutionConfigurationPlatforms) = preSolution
		Debug|Any CPU = Debug|Any CPU
		Release|Any CPU = Release|Any CPU
	EndGlobalSection
	GlobalSection(ProjectConfigurationPlatforms) = postSolution
		{71467BA1-1BD8-4CF4-B4FB-E87F89E8203D}.Debug|Any CPU.ActiveCfg = Debug|Any CPU
		{71467BA1-1BD8-4CF4-B4FB-E87F89E8203D}.Debug|Any CPU.Build.0 = Debug|Any CPU
		{71467BA1-1BD8-4CF4-B4FB-E87F89E8203D}.Release|Any CPU.ActiveCfg = Release|Any CPU
		{71467BA1-1BD8-4CF4-B4FB-E87F89E8203D}.Release|Any CPU.Build.0 = Release|Any CPU
	EndGlobalSection
	GlobalSection(SolutionProperties) = preSolution
		HideSolutionNode = FALSE
	EndGlobalSection
	GlobalSection(ExtensibilityGlobals) = postSolution
		SolutionGuid = {37BA3136-543E-4FFA-8CCF-B6E890FF9F07}
	EndGlobalSection
EndGlobal
